{"filter":false,"title":"Gemfile.lock","tooltip":"/my-recipes/Gemfile.lock","undoManager":{"mark":-1,"position":-1,"stack":[]},"ace":{"folds":[],"scrolltop":1545,"scrollleft":0,"selection":{"start":{"row":0,"column":0},"end":{"row":0,"column":0},"isBackwards":false},"options":{"guessTabSize":true,"useWrapMode":false,"wrapToView":true},"firstLineState":{"row":76,"state":"start","mode":"ace/mode/text"}},"timestamp":1568745263711,"hash":"f0c382411e56581642f6d487788f9667946c54f5"}